
Microsoft Visual Studio Solution File, Format Version 12.00
# Visual Studio Version 17
VisualStudioVersion = 17.13.35818.85 d17.13
MinimumVisualStudioVersion = 10.0.40219.1
Project("{FAE04EC0-301F-11D3-BF4B-00C04F79EFBC}") = "task3", "task3\task3.csproj", "{B656D05A-0ECA-4F09-9AC3-F4F00216D7BC}"
EndProject
Global
	GlobalSection(SolutionConfigurationPlatforms) = preSolution
		Debug|Any CPU = Debug|Any CPU
		Release|Any CPU = Release|Any CPU
	EndGlobalSection
	GlobalSection(ProjectConfigurationPlatforms) = postSolution
		{B656D05A-0ECA-4F09-9AC3-F4F00216D7BC}.Debug|Any CPU.ActiveCfg = Debug|Any CPU
		{B656D05A-0ECA-4F09-9AC3-F4F00216D7BC}.Debug|Any CPU.Build.0 = Debug|Any CPU
		{B656D05A-0ECA-4F09-9AC3-F4F00216D7BC}.Release|Any CPU.ActiveCfg = Release|Any CPU
		{B656D05A-0ECA-4F09-9AC3-F4F00216D7BC}.Release|Any CPU.Build.0 = Release|Any CPU
	EndGlobalSection
	GlobalSection(SolutionProperties) = preSolution
		HideSolutionNode = FALSE
	EndGlobalSection
	GlobalSection(ExtensibilityGlobals) = postSolution
		SolutionGuid = {754BACE0-9590-45C8-9988-32C1919A4CE9}
	EndGlobalSection
EndGlobal
