
Microsoft Visual Studio Solution File, Format Version 12.00
# Visual Studio Version 17
VisualStudioVersion = 17.13.35818.85 d17.13
MinimumVisualStudioVersion = 10.0.40219.1
Project("{FAE04EC0-301F-11D3-BF4B-00C04F79EFBC}") = "task-4", "task-4\task-4.csproj", "{F104E2FF-B6AB-49B1-AA30-CBE400B44865}"
EndProject
Global
	GlobalSection(SolutionConfigurationPlatforms) = preSolution
		Debug|Any CPU = Debug|Any CPU
		Release|Any CPU = Release|Any CPU
	EndGlobalSection
	GlobalSection(ProjectConfigurationPlatforms) = postSolution
		{F104E2FF-B6AB-49B1-AA30-CBE400B44865}.Debug|Any CPU.ActiveCfg = Debug|Any CPU
		{F104E2FF-B6AB-49B1-AA30-CBE400B44865}.Debug|Any CPU.Build.0 = Debug|Any CPU
		{F104E2FF-B6AB-49B1-AA30-CBE400B44865}.Release|Any CPU.ActiveCfg = Release|Any CPU
		{F104E2FF-B6AB-49B1-AA30-CBE400B44865}.Release|Any CPU.Build.0 = Release|Any CPU
	EndGlobalSection
	GlobalSection(SolutionProperties) = preSolution
		HideSolutionNode = FALSE
	EndGlobalSection
	GlobalSection(ExtensibilityGlobals) = postSolution
		SolutionGuid = {748CAF13-1693-4024-A030-25D228F53DA5}
	EndGlobalSection
EndGlobal
