
Microsoft Visual Studio Solution File, Format Version 12.00
# Visual Studio Version 17
VisualStudioVersion = 17.13.35825.156 d17.13
MinimumVisualStudioVersion = 10.0.40219.1
Project("{FAE04EC0-301F-11D3-BF4B-00C04F79EFBC}") = "task-6", "task-6\task-6.csproj", "{E4964CBD-D5EF-4A02-B84F-892B04866028}"
EndProject
Global
	GlobalSection(SolutionConfigurationPlatforms) = preSolution
		Debug|Any CPU = Debug|Any CPU
		Release|Any CPU = Release|Any CPU
	EndGlobalSection
	GlobalSection(ProjectConfigurationPlatforms) = postSolution
		{E4964CBD-D5EF-4A02-B84F-892B04866028}.Debug|Any CPU.ActiveCfg = Debug|Any CPU
		{E4964CBD-D5EF-4A02-B84F-892B04866028}.Debug|Any CPU.Build.0 = Debug|Any CPU
		{E4964CBD-D5EF-4A02-B84F-892B04866028}.Release|Any CPU.ActiveCfg = Release|Any CPU
		{E4964CBD-D5EF-4A02-B84F-892B04866028}.Release|Any CPU.Build.0 = Release|Any CPU
	EndGlobalSection
	GlobalSection(SolutionProperties) = preSolution
		HideSolutionNode = FALSE
	EndGlobalSection
	GlobalSection(ExtensibilityGlobals) = postSolution
		SolutionGuid = {E85C8274-1366-4C4C-BAC6-E3DA4B66E7B3}
	EndGlobalSection
EndGlobal
